
Microsoft Visual Studio Solution File, Format Version 12.00
# Visual Studio Version 16
VisualStudioVersion = 16.0.32802.440
MinimumVisualStudioVersion = 10.0.40219.1
Project("{F184B08F-C81C-45F6-A57F-5ABD9991F28F}") = "Aula02", "Aula02\Aula02.vbproj", "{277910B6-B36D-45B8-91E5-2E96E47C9887}"
EndProject
Global
	GlobalSection(SolutionConfigurationPlatforms) = preSolution
		Debug|Any CPU = Debug|Any CPU
		Release|Any CPU = Release|Any CPU
	EndGlobalSection
	GlobalSection(ProjectConfigurationPlatforms) = postSolution
		{277910B6-B36D-45B8-91E5-2E96E47C9887}.Debug|Any CPU.ActiveCfg = Debug|Any CPU
		{277910B6-B36D-45B8-91E5-2E96E47C9887}.Debug|Any CPU.Build.0 = Debug|Any CPU
		{277910B6-B36D-45B8-91E5-2E96E47C9887}.Release|Any CPU.ActiveCfg = Release|Any CPU
		{277910B6-B36D-45B8-91E5-2E96E47C9887}.Release|Any CPU.Build.0 = Release|Any CPU
	EndGlobalSection
	GlobalSection(SolutionProperties) = preSolution
		HideSolutionNode = FALSE
	EndGlobalSection
	GlobalSection(ExtensibilityGlobals) = postSolution
		SolutionGuid = {A05E4975-B6DE-49F3-BE15-2A97ECFF390F}
	EndGlobalSection
EndGlobal
